# This file is automatically @generated by Cargo.
# It is not intended for manual editing.
version = 3

[[package]]
name = "argsparser"
version = "0.1.0"
dependencies = [
 "shittyinput",
]

[[package]]
name = "shittyinput"
version = "0.1.4"
source = "registry+https://github.com/rust-lang/crates.io-index"
checksum = "5fcc49d2d0f632dbdee36925876fa529ea44aa7c9c4000008d4994c2b49840fa"
